
Microsoft Visual Studio Solution File, Format Version 12.00
# Visual Studio Version 18
VisualStudioVersion = 18.4.11626.88 stable
MinimumVisualStudioVersion = 10.0.40219.1
Project("{FAE04EC0-301F-11D3-BF4B-00C04F79EFBC}") = "BasicTaskManager", "BasicTaskManager\BasicTaskManager.csproj", "{15013EE3-EF74-1A07-D157-E2E6601095AD}"
EndProject
Global
	GlobalSection(SolutionConfigurationPlatforms) = preSolution
		Debug|Any CPU = Debug|Any CPU
		Release|Any CPU = Release|Any CPU
	EndGlobalSection
	GlobalSection(ProjectConfigurationPlatforms) = postSolution
		{15013EE3-EF74-1A07-D157-E2E6601095AD}.Debug|Any CPU.ActiveCfg = Debug|Any CPU
		{15013EE3-EF74-1A07-D157-E2E6601095AD}.Debug|Any CPU.Build.0 = Debug|Any CPU
		{15013EE3-EF74-1A07-D157-E2E6601095AD}.Release|Any CPU.ActiveCfg = Release|Any CPU
		{15013EE3-EF74-1A07-D157-E2E6601095AD}.Release|Any CPU.Build.0 = Release|Any CPU
	EndGlobalSection
	GlobalSection(SolutionProperties) = preSolution
		HideSolutionNode = FALSE
	EndGlobalSection
	GlobalSection(ExtensibilityGlobals) = postSolution
		SolutionGuid = {38E4429B-4D7C-40A1-BAF6-14B897798F01}
	EndGlobalSection
EndGlobal
